
Microsoft Visual Studio Solution File, Format Version 12.00
# Visual Studio Version 17
VisualStudioVersion = 17.8.34309.116
MinimumVisualStudioVersion = 10.0.40219.1
Project("{FAE04EC0-301F-11D3-BF4B-00C04F79EFBC}") = "ToDoList", "ToDoList\ToDoList.csproj", "{8DFFD64D-1D46-4A0D-BDD0-793E813E6E39}"
EndProject
Project("{FAE04EC0-301F-11D3-BF4B-00C04F79EFBC}") = "ToDoListTest", "ToDoListTest\ToDoListTest.csproj", "{93A94D20-8BF3-4C9A-A060-2742235DB393}"
EndProject
Global
	GlobalSection(SolutionConfigurationPlatforms) = preSolution
		Debug|Any CPU = Debug|Any CPU
		Release|Any CPU = Release|Any CPU
	EndGlobalSection
	GlobalSection(ProjectConfigurationPlatforms) = postSolution
		{8DFFD64D-1D46-4A0D-BDD0-793E813E6E39}.Debug|Any CPU.ActiveCfg = Debug|Any CPU
		{8DFFD64D-1D46-4A0D-BDD0-793E813E6E39}.Debug|Any CPU.Build.0 = Debug|Any CPU
		{8DFFD64D-1D46-4A0D-BDD0-793E813E6E39}.Release|Any CPU.ActiveCfg = Release|Any CPU
		{8DFFD64D-1D46-4A0D-BDD0-793E813E6E39}.Release|Any CPU.Build.0 = Release|Any CPU
		{93A94D20-8BF3-4C9A-A060-2742235DB393}.Debug|Any CPU.ActiveCfg = Debug|Any CPU
		{93A94D20-8BF3-4C9A-A060-2742235DB393}.Debug|Any CPU.Build.0 = Debug|Any CPU
		{93A94D20-8BF3-4C9A-A060-2742235DB393}.Release|Any CPU.ActiveCfg = Release|Any CPU
		{93A94D20-8BF3-4C9A-A060-2742235DB393}.Release|Any CPU.Build.0 = Release|Any CPU
	EndGlobalSection
	GlobalSection(SolutionProperties) = preSolution
		HideSolutionNode = FALSE
	EndGlobalSection
	GlobalSection(ExtensibilityGlobals) = postSolution
		SolutionGuid = {A9252EC6-4B51-4CA1-B36D-CCFD0EFD4566}
	EndGlobalSection
EndGlobal
